
Microsoft Visual Studio Solution File, Format Version 12.00
# Visual Studio Version 16
VisualStudioVersion = 16.0.31702.278
MinimumVisualStudioVersion = 10.0.40219.1
Project("{8BC9CEB8-8B4A-11D0-8D11-00A0C91BC942}") = "yasl", "yasl.vcxproj", "{CD9F9AD9-AF3A-450C-8B0C-BCC84038AF35}"
EndProject
Global
	GlobalSection(SolutionConfigurationPlatforms) = preSolution
		Debug|x64 = Debug|x64
		Debug|x86 = Debug|x86
		RelANB|x64 = RelANB|x64
		RelANB|x86 = RelANB|x86
		Release|x64 = Release|x64
		Release|x86 = Release|x86
	EndGlobalSection
	GlobalSection(ProjectConfigurationPlatforms) = postSolution
		{CD9F9AD9-AF3A-450C-8B0C-BCC84038AF35}.Debug|x64.ActiveCfg = Debug|x64
		{CD9F9AD9-AF3A-450C-8B0C-BCC84038AF35}.Debug|x64.Build.0 = Debug|x64
		{CD9F9AD9-AF3A-450C-8B0C-BCC84038AF35}.Debug|x86.ActiveCfg = Debug|Win32
		{CD9F9AD9-AF3A-450C-8B0C-BCC84038AF35}.Debug|x86.Build.0 = Debug|Win32
		{CD9F9AD9-AF3A-450C-8B0C-BCC84038AF35}.RelANB|x64.ActiveCfg = RelANB|x64
		{CD9F9AD9-AF3A-450C-8B0C-BCC84038AF35}.RelANB|x64.Build.0 = RelANB|x64
		{CD9F9AD9-AF3A-450C-8B0C-BCC84038AF35}.RelANB|x86.ActiveCfg = RelANB|Win32
		{CD9F9AD9-AF3A-450C-8B0C-BCC84038AF35}.RelANB|x86.Build.0 = RelANB|Win32
		{CD9F9AD9-AF3A-450C-8B0C-BCC84038AF35}.Release|x64.ActiveCfg = Release|x64
		{CD9F9AD9-AF3A-450C-8B0C-BCC84038AF35}.Release|x64.Build.0 = Release|x64
		{CD9F9AD9-AF3A-450C-8B0C-BCC84038AF35}.Release|x86.ActiveCfg = Release|Win32
		{CD9F9AD9-AF3A-450C-8B0C-BCC84038AF35}.Release|x86.Build.0 = Release|Win32
	EndGlobalSection
	GlobalSection(SolutionProperties) = preSolution
		HideSolutionNode = FALSE
	EndGlobalSection
	GlobalSection(ExtensibilityGlobals) = postSolution
		SolutionGuid = {7D230F67-6084-45FC-A55D-E505A587A2BC}
	EndGlobalSection
EndGlobal
